
Microsoft Visual Studio Solution File, Format Version 12.00
# Visual Studio 15
VisualStudioVersion = 15.0.28010.2019
MinimumVisualStudioVersion = 10.0.40219.1
Project("{8BC9CEB8-8B4A-11D0-8D11-00A0C91BC942}") = "MY_OOP_2_2_IN_OUT_OVERLOADING", "MY_OOP_2_2_IN_OUT_OVERLOADING\MY_OOP_2_2_IN_OUT_OVERLOADING.vcxproj", "{E40C33B8-57FF-48A9-90E2-4F25E0606888}"
EndProject
Global
	GlobalSection(SolutionConfigurationPlatforms) = preSolution
		Debug|x64 = Debug|x64
		Debug|x86 = Debug|x86
		Release|x64 = Release|x64
		Release|x86 = Release|x86
	EndGlobalSection
	GlobalSection(ProjectConfigurationPlatforms) = postSolution
		{E40C33B8-57FF-48A9-90E2-4F25E0606888}.Debug|x64.ActiveCfg = Debug|x64
		{E40C33B8-57FF-48A9-90E2-4F25E0606888}.Debug|x64.Build.0 = Debug|x64
		{E40C33B8-57FF-48A9-90E2-4F25E0606888}.Debug|x86.ActiveCfg = Debug|Win32
		{E40C33B8-57FF-48A9-90E2-4F25E0606888}.Debug|x86.Build.0 = Debug|Win32
		{E40C33B8-57FF-48A9-90E2-4F25E0606888}.Release|x64.ActiveCfg = Release|x64
		{E40C33B8-57FF-48A9-90E2-4F25E0606888}.Release|x64.Build.0 = Release|x64
		{E40C33B8-57FF-48A9-90E2-4F25E0606888}.Release|x86.ActiveCfg = Release|Win32
		{E40C33B8-57FF-48A9-90E2-4F25E0606888}.Release|x86.Build.0 = Release|Win32
	EndGlobalSection
	GlobalSection(SolutionProperties) = preSolution
		HideSolutionNode = FALSE
	EndGlobalSection
	GlobalSection(ExtensibilityGlobals) = postSolution
		SolutionGuid = {3D6E701A-88FA-4903-A0D9-5C2DA54CBEF9}
	EndGlobalSection
EndGlobal
